
Microsoft Visual Studio Solution File, Format Version 12.00
# Visual Studio Version 17
VisualStudioVersion = 17.7.34024.191
MinimumVisualStudioVersion = 10.0.40219.1
Project("{9A19103F-16F7-4668-BE54-9A1E7A4F7556}") = "Car Rental", "Car Rental\Car Rental.csproj", "{15371B57-F377-45A8-9D86-DC03F3B372AE}"
EndProject
Project("{9A19103F-16F7-4668-BE54-9A1E7A4F7556}") = "Car Rental.Common", "Car Rental.Common\Car Rental.Common.csproj", "{2A2FB4C8-91A1-49AB-8E5A-086138F5BFAD}"
EndProject
Project("{9A19103F-16F7-4668-BE54-9A1E7A4F7556}") = "Car Rental.Business", "Car Rental.Business\Car Rental.Business.csproj", "{227A7958-3250-4C44-947D-162A64FCE444}"
EndProject
Project("{FAE04EC0-301F-11D3-BF4B-00C04F79EFBC}") = "Car Rental.Data", "Car Rental.Data\Car Rental.Data.csproj", "{CD63AD1F-0946-4644-AD78-ED2E62D48A9A}"
EndProject
Global
	GlobalSection(SolutionConfigurationPlatforms) = preSolution
		Debug|Any CPU = Debug|Any CPU
		Release|Any CPU = Release|Any CPU
	EndGlobalSection
	GlobalSection(ProjectConfigurationPlatforms) = postSolution
		{15371B57-F377-45A8-9D86-DC03F3B372AE}.Debug|Any CPU.ActiveCfg = Debug|Any CPU
		{15371B57-F377-45A8-9D86-DC03F3B372AE}.Debug|Any CPU.Build.0 = Debug|Any CPU
		{15371B57-F377-45A8-9D86-DC03F3B372AE}.Release|Any CPU.ActiveCfg = Release|Any CPU
		{15371B57-F377-45A8-9D86-DC03F3B372AE}.Release|Any CPU.Build.0 = Release|Any CPU
		{2A2FB4C8-91A1-49AB-8E5A-086138F5BFAD}.Debug|Any CPU.ActiveCfg = Debug|Any CPU
		{2A2FB4C8-91A1-49AB-8E5A-086138F5BFAD}.Debug|Any CPU.Build.0 = Debug|Any CPU
		{2A2FB4C8-91A1-49AB-8E5A-086138F5BFAD}.Release|Any CPU.ActiveCfg = Release|Any CPU
		{2A2FB4C8-91A1-49AB-8E5A-086138F5BFAD}.Release|Any CPU.Build.0 = Release|Any CPU
		{227A7958-3250-4C44-947D-162A64FCE444}.Debug|Any CPU.ActiveCfg = Debug|Any CPU
		{227A7958-3250-4C44-947D-162A64FCE444}.Debug|Any CPU.Build.0 = Debug|Any CPU
		{227A7958-3250-4C44-947D-162A64FCE444}.Release|Any CPU.ActiveCfg = Release|Any CPU
		{227A7958-3250-4C44-947D-162A64FCE444}.Release|Any CPU.Build.0 = Release|Any CPU
		{CD63AD1F-0946-4644-AD78-ED2E62D48A9A}.Debug|Any CPU.ActiveCfg = Debug|Any CPU
		{CD63AD1F-0946-4644-AD78-ED2E62D48A9A}.Debug|Any CPU.Build.0 = Debug|Any CPU
		{CD63AD1F-0946-4644-AD78-ED2E62D48A9A}.Release|Any CPU.ActiveCfg = Release|Any CPU
		{CD63AD1F-0946-4644-AD78-ED2E62D48A9A}.Release|Any CPU.Build.0 = Release|Any CPU
	EndGlobalSection
	GlobalSection(SolutionProperties) = preSolution
		HideSolutionNode = FALSE
	EndGlobalSection
	GlobalSection(ExtensibilityGlobals) = postSolution
		SolutionGuid = {5B162AAC-06D1-478F-A53E-D6E2CDBF494C}
	EndGlobalSection
EndGlobal
